
Microsoft Visual Studio Solution File, Format Version 12.00
# Visual Studio Version 17
VisualStudioVersion = 17.6.33815.320
MinimumVisualStudioVersion = 10.0.40219.1
Project("{FAE04EC0-301F-11D3-BF4B-00C04F79EFBC}") = "TestUrlShortener", "TestUrlShortener\TestUrlShortener.csproj", "{3D6C3A57-E643-4ABF-806A-4B1FE46F0ACE}"
EndProject
Global
	GlobalSection(SolutionConfigurationPlatforms) = preSolution
		Debug|Any CPU = Debug|Any CPU
		Release|Any CPU = Release|Any CPU
	EndGlobalSection
	GlobalSection(ProjectConfigurationPlatforms) = postSolution
		{3D6C3A57-E643-4ABF-806A-4B1FE46F0ACE}.Debug|Any CPU.ActiveCfg = Debug|Any CPU
		{3D6C3A57-E643-4ABF-806A-4B1FE46F0ACE}.Debug|Any CPU.Build.0 = Debug|Any CPU
		{3D6C3A57-E643-4ABF-806A-4B1FE46F0ACE}.Release|Any CPU.ActiveCfg = Release|Any CPU
		{3D6C3A57-E643-4ABF-806A-4B1FE46F0ACE}.Release|Any CPU.Build.0 = Release|Any CPU
	EndGlobalSection
	GlobalSection(SolutionProperties) = preSolution
		HideSolutionNode = FALSE
	EndGlobalSection
	GlobalSection(ExtensibilityGlobals) = postSolution
		SolutionGuid = {078DF66A-C438-4CE9-9C95-31BEF0213AD6}
	EndGlobalSection
EndGlobal
